
Microsoft Visual Studio Solution File, Format Version 12.00
# Visual Studio Version 16
VisualStudioVersion = 16.0.30011.22
MinimumVisualStudioVersion = 10.0.40219.1
Project("{FAE04EC0-301F-11D3-BF4B-00C04F79EFBC}") = "HistogramEqualization", "HistogramEqualization\HistogramEqualization.csproj", "{4BF63659-1D5D-40E4-BB29-F1D980F49CFA}"
EndProject
Global
	GlobalSection(SolutionConfigurationPlatforms) = preSolution
		Debug|Any CPU = Debug|Any CPU
		Release|Any CPU = Release|Any CPU
	EndGlobalSection
	GlobalSection(ProjectConfigurationPlatforms) = postSolution
		{4BF63659-1D5D-40E4-BB29-F1D980F49CFA}.Debug|Any CPU.ActiveCfg = Debug|Any CPU
		{4BF63659-1D5D-40E4-BB29-F1D980F49CFA}.Debug|Any CPU.Build.0 = Debug|Any CPU
		{4BF63659-1D5D-40E4-BB29-F1D980F49CFA}.Release|Any CPU.ActiveCfg = Release|Any CPU
		{4BF63659-1D5D-40E4-BB29-F1D980F49CFA}.Release|Any CPU.Build.0 = Release|Any CPU
	EndGlobalSection
	GlobalSection(SolutionProperties) = preSolution
		HideSolutionNode = FALSE
	EndGlobalSection
	GlobalSection(ExtensibilityGlobals) = postSolution
		SolutionGuid = {98106053-C28C-42B8-8C5D-6E66B3E83A94}
	EndGlobalSection
EndGlobal
